
Microsoft Visual Studio Solution File, Format Version 11.00
# Visual Studio 2010
Project("{FAE04EC0-301F-11D3-BF4B-00C04F79EFBC}") = "WindowsFormsApplication27", "WindowsFormsApplication27\WindowsFormsApplication27.csproj", "{D56A7252-AED9-46E3-9A5F-8728F71A88BA}"
EndProject
Global
	GlobalSection(SolutionConfigurationPlatforms) = preSolution
		Debug|x86 = Debug|x86
		Release|x86 = Release|x86
	EndGlobalSection
	GlobalSection(ProjectConfigurationPlatforms) = postSolution
		{D56A7252-AED9-46E3-9A5F-8728F71A88BA}.Debug|x86.ActiveCfg = Debug|x86
		{D56A7252-AED9-46E3-9A5F-8728F71A88BA}.Debug|x86.Build.0 = Debug|x86
		{D56A7252-AED9-46E3-9A5F-8728F71A88BA}.Release|x86.ActiveCfg = Release|x86
		{D56A7252-AED9-46E3-9A5F-8728F71A88BA}.Release|x86.Build.0 = Release|x86
	EndGlobalSection
	GlobalSection(SolutionProperties) = preSolution
		HideSolutionNode = FALSE
	EndGlobalSection
EndGlobal
